
Microsoft Visual Studio Solution File, Format Version 12.00
# Visual Studio Version 16
VisualStudioVersion = 16.0.31702.278
MinimumVisualStudioVersion = 10.0.40219.1
Project("{FAE04EC0-301F-11D3-BF4B-00C04F79EFBC}") = "MicrosoftDIhostedService472", "MicrosoftDIhostedService472\MicrosoftDIhostedService472.csproj", "{9B8D89F3-5271-47C6-BE73-CF1615BD7B57}"
EndProject
Global
	GlobalSection(SolutionConfigurationPlatforms) = preSolution
		Debug|Any CPU = Debug|Any CPU
		Release|Any CPU = Release|Any CPU
	EndGlobalSection
	GlobalSection(ProjectConfigurationPlatforms) = postSolution
		{9B8D89F3-5271-47C6-BE73-CF1615BD7B57}.Debug|Any CPU.ActiveCfg = Debug|Any CPU
		{9B8D89F3-5271-47C6-BE73-CF1615BD7B57}.Debug|Any CPU.Build.0 = Debug|Any CPU
		{9B8D89F3-5271-47C6-BE73-CF1615BD7B57}.Release|Any CPU.ActiveCfg = Release|Any CPU
		{9B8D89F3-5271-47C6-BE73-CF1615BD7B57}.Release|Any CPU.Build.0 = Release|Any CPU
	EndGlobalSection
	GlobalSection(SolutionProperties) = preSolution
		HideSolutionNode = FALSE
	EndGlobalSection
	GlobalSection(ExtensibilityGlobals) = postSolution
		SolutionGuid = {D00C422A-5EFD-4D9F-B313-8FB94EBDA346}
	EndGlobalSection
EndGlobal
